
Microsoft Visual Studio Solution File, Format Version 12.00
# Visual Studio Version 16
VisualStudioVersion = 16.0.30717.126
MinimumVisualStudioVersion = 10.0.40219.1
Project("{FAE04EC0-301F-11D3-BF4B-00C04F79EFBC}") = "WebBook.net", "WebBook.net\WebBook.net.csproj", "{E2F80925-20AA-41F5-BACD-2A520933C742}"
EndProject
Global
	GlobalSection(SolutionConfigurationPlatforms) = preSolution
		Debug|Any CPU = Debug|Any CPU
		Release|Any CPU = Release|Any CPU
	EndGlobalSection
	GlobalSection(ProjectConfigurationPlatforms) = postSolution
		{E2F80925-20AA-41F5-BACD-2A520933C742}.Debug|Any CPU.ActiveCfg = Debug|Any CPU
		{E2F80925-20AA-41F5-BACD-2A520933C742}.Debug|Any CPU.Build.0 = Debug|Any CPU
		{E2F80925-20AA-41F5-BACD-2A520933C742}.Release|Any CPU.ActiveCfg = Release|Any CPU
		{E2F80925-20AA-41F5-BACD-2A520933C742}.Release|Any CPU.Build.0 = Release|Any CPU
	EndGlobalSection
	GlobalSection(SolutionProperties) = preSolution
		HideSolutionNode = FALSE
	EndGlobalSection
	GlobalSection(ExtensibilityGlobals) = postSolution
		SolutionGuid = {A2FE6C76-5BEC-4375-AF4A-A7341BFE1CCB}
	EndGlobalSection
EndGlobal
